
Microsoft Visual Studio Solution File, Format Version 12.00
# Visual Studio Version 16
VisualStudioVersion = 16.0.808.6
MinimumVisualStudioVersion = 10.0.40219.1
Project("{FAE04EC0-301F-11D3-BF4B-00C04F79EFBC}") = "test.forms.Android", "test.forms.Android\test.forms.Android.csproj", "{1807BF86-B339-4862-86C0-7DCF976DB56A}"
EndProject
Project("{FAE04EC0-301F-11D3-BF4B-00C04F79EFBC}") = "test.forms.iOS", "test.forms.iOS\test.forms.iOS.csproj", "{1459F011-09BC-49F5-818A-09E67EAE0BC4}"
EndProject
Project("{FAE04EC0-301F-11D3-BF4B-00C04F79EFBC}") = "test.forms", "test.forms\test.forms.csproj", "{9375D1BF-5B55-4318-B5FD-7C0B1CF38805}"
EndProject
Global
	GlobalSection(SolutionConfigurationPlatforms) = preSolution
		Debug|Any CPU = Debug|Any CPU
		Release|Any CPU = Release|Any CPU
		Debug|iPhoneSimulator = Debug|iPhoneSimulator
		Release|iPhoneSimulator = Release|iPhoneSimulator
		Debug|iPhone = Debug|iPhone
		Release|iPhone = Release|iPhone
	EndGlobalSection
	GlobalSection(ProjectConfigurationPlatforms) = postSolution
		{1807BF86-B339-4862-86C0-7DCF976DB56A}.Debug|Any CPU.ActiveCfg = Debug|Any CPU
		{1807BF86-B339-4862-86C0-7DCF976DB56A}.Debug|Any CPU.Build.0 = Debug|Any CPU
		{1807BF86-B339-4862-86C0-7DCF976DB56A}.Release|Any CPU.ActiveCfg = Release|Any CPU
		{1807BF86-B339-4862-86C0-7DCF976DB56A}.Release|Any CPU.Build.0 = Release|Any CPU
		{1807BF86-B339-4862-86C0-7DCF976DB56A}.Debug|iPhoneSimulator.ActiveCfg = Debug|Any CPU
		{1807BF86-B339-4862-86C0-7DCF976DB56A}.Debug|iPhoneSimulator.Build.0 = Debug|Any CPU
		{1807BF86-B339-4862-86C0-7DCF976DB56A}.Release|iPhoneSimulator.ActiveCfg = Release|Any CPU
		{1807BF86-B339-4862-86C0-7DCF976DB56A}.Release|iPhoneSimulator.Build.0 = Release|Any CPU
		{1807BF86-B339-4862-86C0-7DCF976DB56A}.Debug|iPhone.ActiveCfg = Debug|Any CPU
		{1807BF86-B339-4862-86C0-7DCF976DB56A}.Debug|iPhone.Build.0 = Debug|Any CPU
		{1807BF86-B339-4862-86C0-7DCF976DB56A}.Release|iPhone.ActiveCfg = Release|Any CPU
		{1807BF86-B339-4862-86C0-7DCF976DB56A}.Release|iPhone.Build.0 = Release|Any CPU
		{1459F011-09BC-49F5-818A-09E67EAE0BC4}.Debug|Any CPU.ActiveCfg = Debug|iPhoneSimulator
		{1459F011-09BC-49F5-818A-09E67EAE0BC4}.Debug|Any CPU.Build.0 = Debug|iPhoneSimulator
		{1459F011-09BC-49F5-818A-09E67EAE0BC4}.Release|Any CPU.ActiveCfg = Release|iPhoneSimulator
		{1459F011-09BC-49F5-818A-09E67EAE0BC4}.Release|Any CPU.Build.0 = Release|iPhoneSimulator
		{1459F011-09BC-49F5-818A-09E67EAE0BC4}.Debug|iPhoneSimulator.ActiveCfg = Debug|iPhoneSimulator
		{1459F011-09BC-49F5-818A-09E67EAE0BC4}.Debug|iPhoneSimulator.Build.0 = Debug|iPhoneSimulator
		{1459F011-09BC-49F5-818A-09E67EAE0BC4}.Release|iPhoneSimulator.ActiveCfg = Release|iPhoneSimulator
		{1459F011-09BC-49F5-818A-09E67EAE0BC4}.Release|iPhoneSimulator.Build.0 = Release|iPhoneSimulator
		{1459F011-09BC-49F5-818A-09E67EAE0BC4}.Debug|iPhone.ActiveCfg = Debug|iPhone
		{1459F011-09BC-49F5-818A-09E67EAE0BC4}.Debug|iPhone.Build.0 = Debug|iPhone
		{1459F011-09BC-49F5-818A-09E67EAE0BC4}.Release|iPhone.ActiveCfg = Release|iPhone
		{1459F011-09BC-49F5-818A-09E67EAE0BC4}.Release|iPhone.Build.0 = Release|iPhone
		{9375D1BF-5B55-4318-B5FD-7C0B1CF38805}.Debug|Any CPU.ActiveCfg = Debug|Any CPU
		{9375D1BF-5B55-4318-B5FD-7C0B1CF38805}.Debug|Any CPU.Build.0 = Debug|Any CPU
		{9375D1BF-5B55-4318-B5FD-7C0B1CF38805}.Release|Any CPU.ActiveCfg = Release|Any CPU
		{9375D1BF-5B55-4318-B5FD-7C0B1CF38805}.Release|Any CPU.Build.0 = Release|Any CPU
		{9375D1BF-5B55-4318-B5FD-7C0B1CF38805}.Debug|iPhoneSimulator.ActiveCfg = Debug|Any CPU
		{9375D1BF-5B55-4318-B5FD-7C0B1CF38805}.Debug|iPhoneSimulator.Build.0 = Debug|Any CPU
		{9375D1BF-5B55-4318-B5FD-7C0B1CF38805}.Release|iPhoneSimulator.ActiveCfg = Release|Any CPU
		{9375D1BF-5B55-4318-B5FD-7C0B1CF38805}.Release|iPhoneSimulator.Build.0 = Release|Any CPU
		{9375D1BF-5B55-4318-B5FD-7C0B1CF38805}.Debug|iPhone.ActiveCfg = Debug|Any CPU
		{9375D1BF-5B55-4318-B5FD-7C0B1CF38805}.Debug|iPhone.Build.0 = Debug|Any CPU
		{9375D1BF-5B55-4318-B5FD-7C0B1CF38805}.Release|iPhone.ActiveCfg = Release|Any CPU
		{9375D1BF-5B55-4318-B5FD-7C0B1CF38805}.Release|iPhone.Build.0 = Release|Any CPU
	EndGlobalSection
	GlobalSection(SolutionProperties) = preSolution
		HideSolutionNode = FALSE
	EndGlobalSection
	GlobalSection(ExtensibilityGlobals) = postSolution
		SolutionGuid = {A463C34E-E097-46AC-91E1-2CEA820FC9F7}
	EndGlobalSection
EndGlobal
